dependencies:
  espressif/button:
    component_hash: 1f5297fe16f0ee988dbb14b6f4c91782fe2baf85025bb15cc1e0093edd3fb2ee
    source:
      service_url: https://api.components.espressif.com/
      type: service
    version: 3.2.0
  espressif/cmake_utilities:
    component_hash: 351350613ceafba240b761b4ea991e0f231ac7a9f59a9ee901f751bddc0bb18f
    source:
      service_url: https://api.components.espressif.com/
      type: service
    version: 0.5.3
  espressif/esp-now:
    component_hash: 5ad630168194ad0134b28194852dda1616a1231680ef477cc6e0fc5eb5fc6233
    source:
      service_url: https://api.components.espressif.com/
      type: service
    version: 2.5.1
  idf:
    component_hash: null
    source:
      type: idf
    version: 5.2.1
manifest_hash: 4914337a3f5eeaf43abf1373be51a7696518b57b05822a77852cc6dc52d309de
target: esp32
version: 1.0.0
